
Microsoft Visual Studio Solution File, Format Version 12.00
# Visual Studio Version 16
VisualStudioVersion = 16.0.30621.155
MinimumVisualStudioVersion = 10.0.40219.1
Project("{E24C65DC-7377-472B-9ABA-BC803B73C61A}") = "Webshop", "..\..\Websites\Webshop\", "{0162AFB1-77C5-43E3-9427-96C0E527B264}"
	ProjectSection(WebsiteProperties) = preProject
		TargetFrameworkMoniker = ".NETFramework,Version%3Dv4.5.2"
		ProjectReferences = "{23bef091-5d44-42aa-a6ec-61db5e57fe55}|dataAccess.dll;"
		Debug.AspNetCompiler.VirtualPath = "/localhost_51852"
		Debug.AspNetCompiler.PhysicalPath = "..\..\WebSites\Webshop\"
		Debug.AspNetCompiler.TargetPath = "PrecompiledWeb\localhost_51852\"
		Debug.AspNetCompiler.Updateable = "true"
		Debug.AspNetCompiler.ForceOverwrite = "true"
		Debug.AspNetCompiler.FixedNames = "false"
		Debug.AspNetCompiler.Debug = "True"
		Release.AspNetCompiler.VirtualPath = "/localhost_51852"
		Release.AspNetCompiler.PhysicalPath = "..\..\WebSites\Webshop\"
		Release.AspNetCompiler.TargetPath = "PrecompiledWeb\localhost_51852\"
		Release.AspNetCompiler.Updateable = "true"
		Release.AspNetCompiler.ForceOverwrite = "true"
		Release.AspNetCompiler.FixedNames = "false"
		Release.AspNetCompiler.Debug = "False"
		VWDPort = "51852"
		SlnRelativePath = "..\..\WebSites\Webshop\"
		DefaultWebSiteLanguage = "Visual C#"
	EndProjectSection
EndProject
Project("{FAE04EC0-301F-11D3-BF4B-00C04F79EFBC}") = "Webshop", "..\dataAccess\dataAccess\Webshop.csproj", "{23BEF091-5D44-42AA-A6EC-61DB5E57FE55}"
EndProject
Global
	GlobalSection(SolutionConfigurationPlatforms) = preSolution
		Debug|Any CPU = Debug|Any CPU
		Release|Any CPU = Release|Any CPU
	EndGlobalSection
	GlobalSection(ProjectConfigurationPlatforms) = postSolution
		{0162AFB1-77C5-43E3-9427-96C0E527B264}.Debug|Any CPU.ActiveCfg = Debug|Any CPU
		{0162AFB1-77C5-43E3-9427-96C0E527B264}.Debug|Any CPU.Build.0 = Debug|Any CPU
		{0162AFB1-77C5-43E3-9427-96C0E527B264}.Release|Any CPU.ActiveCfg = Debug|Any CPU
		{0162AFB1-77C5-43E3-9427-96C0E527B264}.Release|Any CPU.Build.0 = Debug|Any CPU
		{23BEF091-5D44-42AA-A6EC-61DB5E57FE55}.Debug|Any CPU.ActiveCfg = Debug|Any CPU
		{23BEF091-5D44-42AA-A6EC-61DB5E57FE55}.Debug|Any CPU.Build.0 = Debug|Any CPU
		{23BEF091-5D44-42AA-A6EC-61DB5E57FE55}.Release|Any CPU.ActiveCfg = Release|Any CPU
		{23BEF091-5D44-42AA-A6EC-61DB5E57FE55}.Release|Any CPU.Build.0 = Release|Any CPU
	EndGlobalSection
	GlobalSection(SolutionProperties) = preSolution
		HideSolutionNode = FALSE
	EndGlobalSection
	GlobalSection(ExtensibilityGlobals) = postSolution
		SolutionGuid = {73E0ABB6-90DD-4884-95A1-ADD5F130ED55}
	EndGlobalSection
EndGlobal
